
Microsoft Visual Studio Solution File, Format Version 12.00
# Visual Studio Version 16
VisualStudioVersion = 16.0.33130.400
MinimumVisualStudioVersion = 10.0.40219.1
Project("{FAE04EC0-301F-11D3-BF4B-00C04F79EFBC}") = "InterficiesGraficas", "InterficiesGraficas\InterficiesGraficas.csproj", "{6E8841FB-484D-477B-8EEE-A086648483BB}"
EndProject
Global
	GlobalSection(SolutionConfigurationPlatforms) = preSolution
		Debug|Any CPU = Debug|Any CPU
		Release|Any CPU = Release|Any CPU
	EndGlobalSection
	GlobalSection(ProjectConfigurationPlatforms) = postSolution
		{6E8841FB-484D-477B-8EEE-A086648483BB}.Debug|Any CPU.ActiveCfg = Debug|Any CPU
		{6E8841FB-484D-477B-8EEE-A086648483BB}.Debug|Any CPU.Build.0 = Debug|Any CPU
		{6E8841FB-484D-477B-8EEE-A086648483BB}.Release|Any CPU.ActiveCfg = Release|Any CPU
		{6E8841FB-484D-477B-8EEE-A086648483BB}.Release|Any CPU.Build.0 = Release|Any CPU
	EndGlobalSection
	GlobalSection(SolutionProperties) = preSolution
		HideSolutionNode = FALSE
	EndGlobalSection
	GlobalSection(ExtensibilityGlobals) = postSolution
		SolutionGuid = {08D67761-9230-46E6-B326-D25C0B1A24D0}
	EndGlobalSection
EndGlobal
